
Microsoft Visual Studio Solution File, Format Version 12.00
# Visual Studio Version 17
VisualStudioVersion = 17.7.34031.279
MinimumVisualStudioVersion = 10.0.40219.1
Project("{8BC9CEB8-8B4A-11D0-8D11-00A0C91BC942}") = "BubbleCeption", "BubbleCeption.vcxproj", "{EBAC18C5-9D85-4044-B403-F9CA06C4E67E}"
EndProject
Global
	GlobalSection(SolutionConfigurationPlatforms) = preSolution
		Debug|x64 = Debug|x64
		Debug|x86 = Debug|x86
		Release|x64 = Release|x64
		Release|x86 = Release|x86
	EndGlobalSection
	GlobalSection(ProjectConfigurationPlatforms) = postSolution
		{EBAC18C5-9D85-4044-B403-F9CA06C4E67E}.Debug|x64.ActiveCfg = Debug|x64
		{EBAC18C5-9D85-4044-B403-F9CA06C4E67E}.Debug|x64.Build.0 = Debug|x64
		{EBAC18C5-9D85-4044-B403-F9CA06C4E67E}.Debug|x86.ActiveCfg = Debug|Win32
		{EBAC18C5-9D85-4044-B403-F9CA06C4E67E}.Debug|x86.Build.0 = Debug|Win32
		{EBAC18C5-9D85-4044-B403-F9CA06C4E67E}.Release|x64.ActiveCfg = Release|x64
		{EBAC18C5-9D85-4044-B403-F9CA06C4E67E}.Release|x64.Build.0 = Release|x64
		{EBAC18C5-9D85-4044-B403-F9CA06C4E67E}.Release|x86.ActiveCfg = Release|Win32
		{EBAC18C5-9D85-4044-B403-F9CA06C4E67E}.Release|x86.Build.0 = Release|Win32
	EndGlobalSection
	GlobalSection(SolutionProperties) = preSolution
		HideSolutionNode = FALSE
	EndGlobalSection
	GlobalSection(ExtensibilityGlobals) = postSolution
		SolutionGuid = {395F6367-94EA-4B30-9EB0-70B213112B2C}
	EndGlobalSection
EndGlobal
